
Microsoft Visual Studio Solution File, Format Version 12.00
# Visual Studio Version 16
VisualStudioVersion = 16.0.30611.23
MinimumVisualStudioVersion = 10.0.40219.1
Project("{9A19103F-16F7-4668-BE54-9A1E7A4F7556}") = "BloodBowlAPI", "BloodBowlAPI.csproj", "{832B2485-EC42-424A-8AD1-8D37FD85E312}"
	ProjectSection(ProjectDependencies) = postProject
		{64FCCEDE-1369-40E6-8772-5BFE5FE8ACCC} = {64FCCEDE-1369-40E6-8772-5BFE5FE8ACCC}
	EndProjectSection
EndProject
Project("{9A19103F-16F7-4668-BE54-9A1E7A4F7556}") = "BloodBowlData", "..\BloodBowlData\BloodBowlData.csproj", "{64FCCEDE-1369-40E6-8772-5BFE5FE8ACCC}"
EndProject
Project("{9A19103F-16F7-4668-BE54-9A1E7A4F7556}") = "BloodBowlMigrations", "..\BloodBowlMigrations\BloodBowlMigrations.csproj", "{9C891519-10EE-4E15-B295-0F02C1A80FBD}"
EndProject
Project("{9A19103F-16F7-4668-BE54-9A1E7A4F7556}") = "BloodBowlAPITests", "..\BloodBowlAPITests\BloodBowlAPITests.csproj", "{6C699D01-1AD2-4BF2-B30E-D5F13228C855}"
EndProject
Global
	GlobalSection(SolutionConfigurationPlatforms) = preSolution
		Debug|Any CPU = Debug|Any CPU
		Release|Any CPU = Release|Any CPU
	EndGlobalSection
	GlobalSection(ProjectConfigurationPlatforms) = postSolution
		{832B2485-EC42-424A-8AD1-8D37FD85E312}.Debug|Any CPU.ActiveCfg = Debug|Any CPU
		{832B2485-EC42-424A-8AD1-8D37FD85E312}.Debug|Any CPU.Build.0 = Debug|Any CPU
		{832B2485-EC42-424A-8AD1-8D37FD85E312}.Release|Any CPU.ActiveCfg = Release|Any CPU
		{832B2485-EC42-424A-8AD1-8D37FD85E312}.Release|Any CPU.Build.0 = Release|Any CPU
		{64FCCEDE-1369-40E6-8772-5BFE5FE8ACCC}.Debug|Any CPU.ActiveCfg = Debug|Any CPU
		{64FCCEDE-1369-40E6-8772-5BFE5FE8ACCC}.Debug|Any CPU.Build.0 = Debug|Any CPU
		{64FCCEDE-1369-40E6-8772-5BFE5FE8ACCC}.Release|Any CPU.ActiveCfg = Release|Any CPU
		{64FCCEDE-1369-40E6-8772-5BFE5FE8ACCC}.Release|Any CPU.Build.0 = Release|Any CPU
		{9C891519-10EE-4E15-B295-0F02C1A80FBD}.Debug|Any CPU.ActiveCfg = Debug|Any CPU
		{9C891519-10EE-4E15-B295-0F02C1A80FBD}.Debug|Any CPU.Build.0 = Debug|Any CPU
		{9C891519-10EE-4E15-B295-0F02C1A80FBD}.Release|Any CPU.ActiveCfg = Release|Any CPU
		{9C891519-10EE-4E15-B295-0F02C1A80FBD}.Release|Any CPU.Build.0 = Release|Any CPU
		{6C699D01-1AD2-4BF2-B30E-D5F13228C855}.Debug|Any CPU.ActiveCfg = Debug|Any CPU
		{6C699D01-1AD2-4BF2-B30E-D5F13228C855}.Debug|Any CPU.Build.0 = Debug|Any CPU
		{6C699D01-1AD2-4BF2-B30E-D5F13228C855}.Release|Any CPU.ActiveCfg = Release|Any CPU
		{6C699D01-1AD2-4BF2-B30E-D5F13228C855}.Release|Any CPU.Build.0 = Release|Any CPU
	EndGlobalSection
	GlobalSection(SolutionProperties) = preSolution
		HideSolutionNode = FALSE
	EndGlobalSection
	GlobalSection(ExtensibilityGlobals) = postSolution
		RESX_ConfirmAddLanguageFile = True
		RESX_AutoCreateNewLanguageFiles = True
		SolutionGuid = {84D4E650-9E33-43C8-99A1-648E6614416B}
	EndGlobalSection
EndGlobal
